// !$*UTF8*$!
{
	archiveVersion = 1;
	classes = {
	};
	objectVersion = 51;
	objects = {

/* Begin PBXBuildFile section */
		641ECD77235D124100EDCABE /* AVFoundation.framework in Frameworks */ = {isa = PBXBuildFile; fileRef = 641ECD76235D124100EDCABE /* AVFoundation.framework */; };
		641ECD79235D138600EDCABE /* chetengomuchafiaca.mp3 in Resources */ = {isa = PBXBuildFile; fileRef = 641ECD78235D138600EDCABE /* chetengomuchafiaca.mp3 */; };
		641ECD83235D144500EDCABE /* daleponetelaspilas.mp3 in Resources */ = {isa = PBXBuildFile; fileRef = 641ECD7C235D144400EDCABE /* daleponetelaspilas.mp3 */; };
		641ECD84235D144500EDCABE /* estoyalhorno.mp3 in Resources */ = {isa = PBXBuildFile; fileRef = 641ECD7D235D144400EDCABE /* estoyalhorno.mp3 */; };
		641ECD85235D144500EDCABE /* tengomalaleche.mp3 in Resources */ = {isa = PBXBuildFile; fileRef = 641ECD7E235D144400EDCABE /* tengomalaleche.mp3 */; };
		641ECD86235D144500EDCABE /* niapalos.mp3 in Resources */ = {isa = PBXBuildFile; fileRef = 641ECD7F235D144400EDCABE /* niapalos.mp3 */; };
		641ECD87235D144500EDCABE /* estoyrealpedo.mp3 in Resources */ = {isa = PBXBuildFile; fileRef = 641ECD80235D144500EDCABE /* estoyrealpedo.mp3 */; };
		641ECD88235D144500EDCABE /* estoyenpedo.mp3 in Resources */ = {isa = PBXBuildFile; fileRef = 641ECD81235D144500EDCABE /* estoyenpedo.mp3 */; };
		641ECD89235D144500EDCABE /* sosunboludo.mp3 in Resources */ = {isa = PBXBuildFile; fileRef = 641ECD82235D144500EDCABE /* sosunboludo.mp3 */; };
		6427914D2379EBC900E57C09 /* GoogleService-Info.plist in Resources */ = {isa = PBXBuildFile; fileRef = 6427914C2379EBC900E57C09 /* GoogleService-Info.plist */; };
		642A105B235FB86E002D85E6 /* ChooseLanguage.swift in Sources */ = {isa = PBXBuildFile; fileRef = 642A105A235FB86E002D85E6 /* ChooseLanguage.swift */; };
		6470C77123556764005CB3FA /* AppDelegate.swift in Sources */ = {isa = PBXBuildFile; fileRef = 6470C77023556764005CB3FA /* AppDelegate.swift */; };
		6470C77A23556764005CB3FA /* Main.storyboard in Resources */ = {isa = PBXBuildFile; fileRef = 6470C77823556764005CB3FA /* Main.storyboard */; };
		6470C77C23556765005CB3FA /* Assets.xcassets in Resources */ = {isa = PBXBuildFile; fileRef = 6470C77B23556765005CB3FA /* Assets.xcassets */; };
		6470C77F23556765005CB3FA /* LaunchScreen.storyboard in Resources */ = {isa = PBXBuildFile; fileRef = 6470C77D23556765005CB3FA /* LaunchScreen.storyboard */; };
		649E8C422368AED40017C770 /* SignUpViewController.swift in Sources */ = {isa = PBXBuildFile; fileRef = 649E8C412368AED40017C770 /* SignUpViewController.swift */; };
		64A691992368B0B0000002D5 /* LoginViewController.swift in Sources */ = {isa = PBXBuildFile; fileRef = 64A691982368B0AF000002D5 /* LoginViewController.swift */; };
		64A6919B2368B36C000002D5 /* StartupViewController.swift in Sources */ = {isa = PBXBuildFile; fileRef = 64A6919A2368B36C000002D5 /* StartupViewController.swift */; };
		64A6E1582366725F00CCA364 /* Bombing.ttf in Resources */ = {isa = PBXBuildFile; fileRef = 64A6E1572366706800CCA364 /* Bombing.ttf */; };
		64BD87132364EFBF00F60632 /* Leaderboard.swift in Sources */ = {isa = PBXBuildFile; fileRef = 64BD87122364EFBF00F60632 /* Leaderboard.swift */; };
		64DFFA0A235906E7005EE2FA /* Translate.swift in Sources */ = {isa = PBXBuildFile; fileRef = 64DFFA09235906E7005EE2FA /* Translate.swift */; };
		962E97D51BDC3E17467B8B73 /* Pods_Project_3_CS441.framework in Frameworks */ = {isa = PBXBuildFile; fileRef = 598B2E85B7583EB0DE5FFBCB /* Pods_Project_3_CS441.framework */; };
/* End PBXBuildFile section */

/* Begin PBXFileReference section */
		3141A8B9BAC8F8631F23061D /* Pods-Project 3 CS441.release.xcconfig */ = {isa = PBXFileReference; includeInIndex = 1; lastKnownFileType = text.xcconfig; name = "Pods-Project 3 CS441.release.xcconfig"; path = "Target Support Files/Pods-Project 3 CS441/Pods-Project 3 CS441.release.xcconfig"; sourceTree = "<group>"; };
		598B2E85B7583EB0DE5FFBCB /* Pods_Project_3_CS441.framework */ = {isa = PBXFileReference; explicitFileType = wrapper.framework; includeInIndex = 0; path = Pods_Project_3_CS441.framework; sourceTree = BUILT_PRODUCTS_DIR; };
		641ECD76235D124100EDCABE /* AVFoundation.framework */ = {isa = PBXFileReference; lastKnownFileType = wrapper.framework; name = AVFoundation.framework; path = System/Library/Frameworks/AVFoundation.framework; sourceTree = SDKROOT; };
		641ECD78235D138600EDCABE /* chetengomuchafiaca.mp3 */ = {isa = PBXFileReference; lastKnownFileType = audio.mp3; name = chetengomuchafiaca.mp3; path = ../../../Downloads/chetengomuchafiaca.mp3; sourceTree = "<group>"; };
		641ECD7B235D13D200EDCABE /* chetengomuchafiaca.mp3 */ = {isa = PBXFileReference; lastKnownFileType = audio.mp3; path = chetengomuchafiaca.mp3; sourceTree = "<group>"; };
		641ECD7C235D144400EDCABE /* daleponetelaspilas.mp3 */ = {isa = PBXFileReference; lastKnownFileType = audio.mp3; name = daleponetelaspilas.mp3; path = ../../../../Downloads/daleponetelaspilas.mp3; sourceTree = "<group>"; };
		641ECD7D235D144400EDCABE /* estoyalhorno.mp3 */ = {isa = PBXFileReference; lastKnownFileType = audio.mp3; name = estoyalhorno.mp3; path = ../../../../Downloads/estoyalhorno.mp3; sourceTree = "<group>"; };
		641ECD7E235D144400EDCABE /* tengomalaleche.mp3 */ = {isa = PBXFileReference; lastKnownFileType = audio.mp3; name = tengomalaleche.mp3; path = ../../../../Downloads/tengomalaleche.mp3; sourceTree = "<group>"; };
		641ECD7F235D144400EDCABE /* niapalos.mp3 */ = {isa = PBXFileReference; lastKnownFileType = audio.mp3; name = niapalos.mp3; path = ../../../../Downloads/niapalos.mp3; sourceTree = "<group>"; };
		641ECD80235D144500EDCABE /* estoyrealpedo.mp3 */ = {isa = PBXFileReference; lastKnownFileType = audio.mp3; name = estoyrealpedo.mp3; path = ../../../../Downloads/estoyrealpedo.mp3; sourceTree = "<group>"; };
		641ECD81235D144500EDCABE /* estoyenpedo.mp3 */ = {isa = PBXFileReference; lastKnownFileType = audio.mp3; name = estoyenpedo.mp3; path = ../../../../Downloads/estoyenpedo.mp3; sourceTree = "<group>"; };
		641ECD82235D144500EDCABE /* sosunboludo.mp3 */ = {isa = PBXFileReference; lastKnownFileType = audio.mp3; name = sosunboludo.mp3; path = ../../../../Downloads/sosunboludo.mp3; sourceTree = "<group>"; };
		6427914C2379EBC900E57C09 /* GoogleService-Info.plist */ = {isa = PBXFileReference; fileEncoding = 4; lastKnownFileType = text.plist.xml; path = "GoogleService-Info.plist"; sourceTree = "<group>"; };
		642A105A235FB86E002D85E6 /* ChooseLanguage.swift */ = {isa = PBXFileReference; lastKnownFileType = sourcecode.swift; path = ChooseLanguage.swift; sourceTree = "<group>"; };
		6470C76D23556764005CB3FA /* Project 3 CS441.app */ = {isa = PBXFileReference; explicitFileType = wrapper.application; includeInIndex = 0; path = "Project 3 CS441.app"; sourceTree = BUILT_PRODUCTS_DIR; };
		6470C77023556764005CB3FA /* AppDelegate.swift */ = {isa = PBXFileReference; lastKnownFileType = sourcecode.swift; path = AppDelegate.swift; sourceTree = "<group>"; };
		6470C77923556764005CB3FA /* Base */ = {isa = PBXFileReference; lastKnownFileType = file.storyboard; name = Base; path = Base.lproj/Main.storyboard; sourceTree = "<group>"; };
		6470C77B23556765005CB3FA /* Assets.xcassets */ = {isa = PBXFileReference; lastKnownFileType = folder.assetcatalog; path = Assets.xcassets; sourceTree = "<group>"; };
		6470C77E23556765005CB3FA /* Base */ = {isa = PBXFileReference; lastKnownFileType = file.storyboard; name = Base; path = Base.lproj/LaunchScreen.storyboard; sourceTree = "<group>"; };
		6470C78023556765005CB3FA /* Info.plist */ = {isa = PBXFileReference; lastKnownFileType = text.plist.xml; path = Info.plist; sourceTree = "<group>"; };
		649E8C412368AED40017C770 /* SignUpViewController.swift */ = {isa = PBXFileReference; lastKnownFileType = sourcecode.swift; path = SignUpViewController.swift; sourceTree = "<group>"; };
		64A691982368B0AF000002D5 /* LoginViewController.swift */ = {isa = PBXFileReference; lastKnownFileType = sourcecode.swift; path = LoginViewController.swift; sourceTree = "<group>"; };
		64A6919A2368B36C000002D5 /* StartupViewController.swift */ = {isa = PBXFileReference; lastKnownFileType = sourcecode.swift; path = StartupViewController.swift; sourceTree = "<group>"; };
		64A6E1572366706800CCA364 /* Bombing.ttf */ = {isa = PBXFileReference; lastKnownFileType = file; name = Bombing.ttf; path = ../../../../Downloads/bombing/Bombing.ttf; sourceTree = "<group>"; };
		64BD87122364EFBF00F60632 /* Leaderboard.swift */ = {isa = PBXFileReference; lastKnownFileType = sourcecode.swift; path = Leaderboard.swift; sourceTree = "<group>"; };
		64DFFA09235906E7005EE2FA /* Translate.swift */ = {isa = PBXFileReference; lastKnownFileType = sourcecode.swift; path = Translate.swift; sourceTree = "<group>"; };
		AE450F30CA7D947CA9F271DE /* Pods-Project 3 CS441.debug.xcconfig */ = {isa = PBXFileReference; includeInIndex = 1; lastKnownFileType = text.xcconfig; name = "Pods-Project 3 CS441.debug.xcconfig"; path = "Target Support Files/Pods-Project 3 CS441/Pods-Project 3 CS441.debug.xcconfig"; sourceTree = "<group>"; };
/* End PBXFileReference section */

/* Begin PBXFrameworksBuildPhase section */
		6470C76A23556764005CB3FA /* Frameworks */ = {
			isa = PBXFrameworksBuildPhase;
			buildActionMask = 2147483647;
			files = (
				641ECD77235D124100EDCABE /* AVFoundation.framework in Frameworks */,
				962E97D51BDC3E17467B8B73 /* Pods_Project_3_CS441.framework in Frameworks */,
			);
			runOnlyForDeploymentPostprocessing = 0;
		};
/* End PBXFrameworksBuildPhase section */

/* Begin PBXGroup section */
		641ECD75235D124000EDCABE /* Frameworks */ = {
			isa = PBXGroup;
			children = (
				641ECD76235D124100EDCABE /* AVFoundation.framework */,
				598B2E85B7583EB0DE5FFBCB /* Pods_Project_3_CS441.framework */,
			);
			name = Frameworks;
			sourceTree = "<group>";
		};
		641ECD7A235D13C900EDCABE /* Audio */ = {
			isa = PBXGroup;
			children = (
				641ECD7C235D144400EDCABE /* daleponetelaspilas.mp3 */,
				641ECD7D235D144400EDCABE /* estoyalhorno.mp3 */,
				641ECD81235D144500EDCABE /* estoyenpedo.mp3 */,
				641ECD80235D144500EDCABE /* estoyrealpedo.mp3 */,
				641ECD7F235D144400EDCABE /* niapalos.mp3 */,
				641ECD82235D144500EDCABE /* sosunboludo.mp3 */,
				641ECD7E235D144400EDCABE /* tengomalaleche.mp3 */,
				641ECD7B235D13D200EDCABE /* chetengomuchafiaca.mp3 */,
			);
			path = Audio;
			sourceTree = "<group>";
		};
		6470C76423556764005CB3FA = {
			isa = PBXGroup;
			children = (
				6470C76F23556764005CB3FA /* Slanguage */,
				6470C76E23556764005CB3FA /* Products */,
				641ECD75235D124000EDCABE /* Frameworks */,
				D12853F80C0536EC058DC6BA /* Pods */,
			);
			sourceTree = "<group>";
		};
		6470C76E23556764005CB3FA /* Products */ = {
			isa = PBXGroup;
			children = (
				6470C76D23556764005CB3FA /* Project 3 CS441.app */,
			);
			name = Products;
			sourceTree = "<group>";
		};
		6470C76F23556764005CB3FA /* Slanguage */ = {
			isa = PBXGroup;
			children = (
				64A6E1562366701D00CCA364 /* Fonts */,
				641ECD78235D138600EDCABE /* chetengomuchafiaca.mp3 */,
				641ECD7A235D13C900EDCABE /* Audio */,
				6470C77023556764005CB3FA /* AppDelegate.swift */,
				64DFFA09235906E7005EE2FA /* Translate.swift */,
				642A105A235FB86E002D85E6 /* ChooseLanguage.swift */,
				649E8C412368AED40017C770 /* SignUpViewController.swift */,
				64A691982368B0AF000002D5 /* LoginViewController.swift */,
				64BD87122364EFBF00F60632 /* Leaderboard.swift */,
				6470C77823556764005CB3FA /* Main.storyboard */,
				64A6919A2368B36C000002D5 /* StartupViewController.swift */,
				6470C77B23556765005CB3FA /* Assets.xcassets */,
				6470C77D23556765005CB3FA /* LaunchScreen.storyboard */,
				6470C78023556765005CB3FA /* Info.plist */,
				6427914C2379EBC900E57C09 /* GoogleService-Info.plist */,
			);
			path = Slanguage;
			sourceTree = "<group>";
		};
		64A6E1562366701D00CCA364 /* Fonts */ = {
			isa = PBXGroup;
			children = (
				64A6E1572366706800CCA364 /* Bombing.ttf */,
			);
			path = Fonts;
			sourceTree = "<group>";
		};
		D12853F80C0536EC058DC6BA /* Pods */ = {
			isa = PBXGroup;
			children = (
				AE450F30CA7D947CA9F271DE /* Pods-Project 3 CS441.debug.xcconfig */,
				3141A8B9BAC8F8631F23061D /* Pods-Project 3 CS441.release.xcconfig */,
			);
			path = Pods;
			sourceTree = "<group>";
		};
/* End PBXGroup section */

/* Begin PBXNativeTarget section */
		6470C76C23556764005CB3FA /* Project 3 CS441 */ = {
			isa = PBXNativeTarget;
			buildConfigurationList = 6470C78323556765005CB3FA /* Build configuration list for PBXNativeTarget "Project 3 CS441" */;
			buildPhases = (
				468585DC515B42E062865B29 /* [CP] Check Pods Manifest.lock */,
				6470C76923556764005CB3FA /* Sources */,
				6470C76A23556764005CB3FA /* Frameworks */,
				6470C76B23556764005CB3FA /* Resources */,
				400B7B523077DA918F0D9E85 /* [CP] Embed Pods Frameworks */,
			);
			buildRules = (
			);
			dependencies = (
			);
			name = "Project 3 CS441";
			productName = "Project 3";
			productReference = 6470C76D23556764005CB3FA /* Project 3 CS441.app */;
			productType = "com.apple.product-type.application";
		};
/* End PBXNativeTarget section */

/* Begin PBXProject section */
		6470C76523556764005CB3FA /* Project object */ = {
			isa = PBXProject;
			attributes = {
				LastSwiftUpdateCheck = 1030;
				LastUpgradeCheck = 1030;
				ORGANIZATIONNAME = "Dylan Telson";
				TargetAttributes = {
					6470C76C23556764005CB3FA = {
						CreatedOnToolsVersion = 10.3;
					};
				};
			};
			buildConfigurationList = 6470C76823556764005CB3FA /* Build configuration list for PBXProject "Slanguage" */;
			compatibilityVersion = "Xcode 9.3";
			developmentRegion = en;
			hasScannedForEncodings = 0;
			knownRegions = (
				en,
				Base,
			);
			mainGroup = 6470C76423556764005CB3FA;
			productRefGroup = 6470C76E23556764005CB3FA /* Products */;
			projectDirPath = "";
			projectRoot = "";
			targets = (
				6470C76C23556764005CB3FA /* Project 3 CS441 */,
			);
		};
/* End PBXProject section */

/* Begin PBXResourcesBuildPhase section */
		6470C76B23556764005CB3FA /* Resources */ = {
			isa = PBXResourcesBuildPhase;
			buildActionMask = 2147483647;
			files = (
				6427914D2379EBC900E57C09 /* GoogleService-Info.plist in Resources */,
				64A6E1582366725F00CCA364 /* Bombing.ttf in Resources */,
				641ECD88235D144500EDCABE /* estoyenpedo.mp3 in Resources */,
				6470C77F23556765005CB3FA /* LaunchScreen.storyboard in Resources */,
				641ECD89235D144500EDCABE /* sosunboludo.mp3 in Resources */,
				641ECD86235D144500EDCABE /* niapalos.mp3 in Resources */,
				6470C77C23556765005CB3FA /* Assets.xcassets in Resources */,
				641ECD85235D144500EDCABE /* tengomalaleche.mp3 in Resources */,
				641ECD83235D144500EDCABE /* daleponetelaspilas.mp3 in Resources */,
				641ECD87235D144500EDCABE /* estoyrealpedo.mp3 in Resources */,
				641ECD84235D144500EDCABE /* estoyalhorno.mp3 in Resources */,
				6470C77A23556764005CB3FA /* Main.storyboard in Resources */,
				641ECD79235D138600EDCABE /* chetengomuchafiaca.mp3 in Resources */,
			);
			runOnlyForDeploymentPostprocessing = 0;
		};
/* End PBXResourcesBuildPhase section */

/* Begin PBXShellScriptBuildPhase section */
		400B7B523077DA918F0D9E85 /* [CP] Embed Pods Frameworks */ = {
			isa = PBXShellScriptBuildPhase;
			buildActionMask = 2147483647;
			files = (
			);
			inputFileListPaths = (
				"${PODS_ROOT}/Target Support Files/Pods-Project 3 CS441/Pods-Project 3 CS441-frameworks-${CONFIGURATION}-input-files.xcfilelist",
			);
			name = "[CP] Embed Pods Frameworks";
			outputFileListPaths = (
				"${PODS_ROOT}/Target Support Files/Pods-Project 3 CS441/Pods-Project 3 CS441-frameworks-${CONFIGURATION}-output-files.xcfilelist",
			);
			runOnlyForDeploymentPostprocessing = 0;
			shellPath = /bin/sh;
			shellScript = "\"${PODS_ROOT}/Target Support Files/Pods-Project 3 CS441/Pods-Project 3 CS441-frameworks.sh\"\n";
			showEnvVarsInLog = 0;
		};
		468585DC515B42E062865B29 /* [CP] Check Pods Manifest.lock */ = {
			isa = PBXShellScriptBuildPhase;
			buildActionMask = 2147483647;
			files = (
			);
			inputFileListPaths = (
			);
			inputPaths = (
				"${PODS_PODFILE_DIR_PATH}/Podfile.lock",
				"${PODS_ROOT}/Manifest.lock",
			);
			name = "[CP] Check Pods Manifest.lock";
			outputFileListPaths = (
			);
			outputPaths = (
				"$(DERIVED_FILE_DIR)/Pods-Project 3 CS441-checkManifestLockResult.txt",
			);
			runOnlyForDeploymentPostprocessing = 0;
			shellPath = /bin/sh;
			shellScript = "diff \"${PODS_PODFILE_DIR_PATH}/Podfile.lock\" \"${PODS_ROOT}/Manifest.lock\" > /dev/null\nif [ $? != 0 ] ; then\n    # print error to STDERR\n    echo \"error: The sandbox is not in sync with the Podfile.lock. Run 'pod install' or update your CocoaPods installation.\" >&2\n    exit 1\nfi\n# This output is used by Xcode 'outputs' to avoid re-running this script phase.\necho \"SUCCESS\" > \"${SCRIPT_OUTPUT_FILE_0}\"\n";
			showEnvVarsInLog = 0;
		};
/* End PBXShellScriptBuildPhase section */

/* Begin PBXSourcesBuildPhase section */
		6470C76923556764005CB3FA /* Sources */ = {
			isa = PBXSourcesBuildPhase;
			buildActionMask = 2147483647;
			files = (
				64A691992368B0B0000002D5 /* LoginViewController.swift in Sources */,
				64DFFA0A235906E7005EE2FA /* Translate.swift in Sources */,
				64A6919B2368B36C000002D5 /* StartupViewController.swift in Sources */,
				64BD87132364EFBF00F60632 /* Leaderboard.swift in Sources */,
				642A105B235FB86E002D85E6 /* ChooseLanguage.swift in Sources */,
				6470C77123556764005CB3FA /* AppDelegate.swift in Sources */,
				649E8C422368AED40017C770 /* SignUpViewController.swift in Sources */,
			);
			runOnlyForDeploymentPostprocessing = 0;
		};
/* End PBXSourcesBuildPhase section */

/* Begin PBXVariantGroup section */
		6470C77823556764005CB3FA /* Main.storyboard */ = {
			isa = PBXVariantGroup;
			children = (
				6470C77923556764005CB3FA /* Base */,
			);
			name = Main.storyboard;
			sourceTree = "<group>";
		};
		6470C77D23556765005CB3FA /* LaunchScreen.storyboard */ = {
			isa = PBXVariantGroup;
			children = (
				6470C77E23556765005CB3FA /* Base */,
			);
			name = LaunchScreen.storyboard;
			sourceTree = "<group>";
		};
/* End PBXVariantGroup section */

/* Begin XCBuildConfiguration section */
		6470C78123556765005CB3FA /* Debug */ = {
			isa = XCBuildConfiguration;
			buildSettings = {
				ALWAYS_SEARCH_USER_PATHS = NO;
				CLANG_ANALYZER_NONNULL = YES;
				CLANG_ANALYZER_NUMBER_OBJECT_CONVERSION = YES_AGGRESSIVE;
				CLANG_CXX_LANGUAGE_STANDARD = "gnu++14";
				CLANG_CXX_LIBRARY = "libc++";
				CLANG_ENABLE_MODULES = YES;
				CLANG_ENABLE_OBJC_ARC = YES;
				CLANG_ENABLE_OBJC_WEAK = YES;
				CLANG_WARN_BLOCK_CAPTURE_AUTORELEASING = YES;
				CLANG_WARN_BOOL_CONVERSION = YES;
				CLANG_WARN_COMMA = YES;
				CLANG_WARN_CONSTANT_CONVERSION = YES;
				CLANG_WARN_DEPRECATED_OBJC_IMPLEMENTATIONS = YES;
				CLANG_WARN_DIRECT_OBJC_ISA_USAGE = YES_ERROR;
				CLANG_WARN_DOCUMENTATION_COMMENTS = YES;
				CLANG_WARN_EMPTY_BODY = YES;
				CLANG_WARN_ENUM_CONVERSION = YES;
				CLANG_WARN_INFINITE_RECURSION = YES;
				CLANG_WARN_INT_CONVERSION = YES;
				CLANG_WARN_NON_LITERAL_NULL_CONVERSION = YES;
				CLANG_WARN_OBJC_IMPLICIT_RETAIN_SELF = YES;
				CLANG_WARN_OBJC_LITERAL_CONVERSION = YES;
				CLANG_WARN_OBJC_ROOT_CLASS = YES_ERROR;
				CLANG_WARN_RANGE_LOOP_ANALYSIS = YES;
				CLANG_WARN_STRICT_PROTOTYPES = YES;
				CLANG_WARN_SUSPICIOUS_MOVE = YES;
				CLANG_WARN_UNGUARDED_AVAILABILITY = YES_AGGRESSIVE;
				CLANG_WARN_UNREACHABLE_CODE = YES;
				CLANG_WARN__DUPLICATE_METHOD_MATCH = YES;
				CODE_SIGN_IDENTITY = "iPhone Developer";
				COPY_PHASE_STRIP = NO;
				DEBUG_INFORMATION_FORMAT = dwarf;
				ENABLE_STRICT_OBJC_MSGSEND = YES;
				ENABLE_TESTABILITY = YES;
				GCC_C_LANGUAGE_STANDARD = gnu11;
				GCC_DYNAMIC_NO_PIC = NO;
				GCC_NO_COMMON_BLOCKS = YES;
				GCC_OPTIMIZATION_LEVEL = 0;
				GCC_PREPROCESSOR_DEFINITIONS = (
					"DEBUG=1",
					"$(inherited)",
				);
				GCC_WARN_64_TO_32_BIT_CONVERSION = YES;
				GCC_WARN_ABOUT_RETURN_TYPE = YES_ERROR;
				GCC_WARN_UNDECLARED_SELECTOR = YES;
				GCC_WARN_UNINITIALIZED_AUTOS = YES_AGGRESSIVE;
				GCC_WARN_UNUSED_FUNCTION = YES;
				GCC_WARN_UNUSED_VARIABLE = YES;
				IPHONEOS_DEPLOYMENT_TARGET = 12.4;
				MTL_ENABLE_DEBUG_INFO = INCLUDE_SOURCE;
				MTL_FAST_MATH = YES;
				ONLY_ACTIVE_ARCH = YES;
				SDKROOT = iphoneos;
				SWIFT_ACTIVE_COMPILATION_CONDITIONS = DEBUG;
				SWIFT_OPTIMIZATION_LEVEL = "-Onone";
			};
			name = Debug;
		};
		6470C78223556765005CB3FA /* Release */ = {
			isa = XCBuildConfiguration;
			buildSettings = {
				ALWAYS_SEARCH_USER_PATHS = NO;
				CLANG_ANALYZER_NONNULL = YES;
				CLANG_ANALYZER_NUMBER_OBJECT_CONVERSION = YES_AGGRESSIVE;
				CLANG_CXX_LANGUAGE_STANDARD = "gnu++14";
				CLANG_CXX_LIBRARY = "libc++";
				CLANG_ENABLE_MODULES = YES;
				CLANG_ENABLE_OBJC_ARC = YES;
				CLANG_ENABLE_OBJC_WEAK = YES;
				CLANG_WARN_BLOCK_CAPTURE_AUTORELEASING = YES;
				CLANG_WARN_BOOL_CONVERSION = YES;
				CLANG_WARN_COMMA = YES;
				CLANG_WARN_CONSTANT_CONVERSION = YES;
				CLANG_WARN_DEPRECATED_OBJC_IMPLEMENTATIONS = YES;
				CLANG_WARN_DIRECT_OBJC_ISA_USAGE = YES_ERROR;
				CLANG_WARN_DOCUMENTATION_COMMENTS = YES;
				CLANG_WARN_EMPTY_BODY = YES;
				CLANG_WARN_ENUM_CONVERSION = YES;
				CLANG_WARN_INFINITE_RECURSION = YES;
				CLANG_WARN_INT_CONVERSION = YES;
				CLANG_WARN_NON_LITERAL_NULL_CONVERSION = YES;
				CLANG_WARN_OBJC_IMPLICIT_RETAIN_SELF = YES;
				CLANG_WARN_OBJC_LITERAL_CONVERSION = YES;
				CLANG_WARN_OBJC_ROOT_CLASS = YES_ERROR;
				CLANG_WARN_RANGE_LOOP_ANALYSIS = YES;
				CLANG_WARN_STRICT_PROTOTYPES = YES;
				CLANG_WARN_SUSPICIOUS_MOVE = YES;
				CLANG_WARN_UNGUARDED_AVAILABILITY = YES_AGGRESSIVE;
				CLANG_WARN_UNREACHABLE_CODE = YES;
				CLANG_WARN__DUPLICATE_METHOD_MATCH = YES;
				CODE_SIGN_IDENTITY = "iPhone Developer";
				COPY_PHASE_STRIP = NO;
				DEBUG_INFORMATION_FORMAT = "dwarf-with-dsym";
				ENABLE_NS_ASSERTIONS = NO;
				ENABLE_STRICT_OBJC_MSGSEND = YES;
				GCC_C_LANGUAGE_STANDARD = gnu11;
				GCC_NO_COMMON_BLOCKS = YES;
				GCC_WARN_64_TO_32_BIT_CONVERSION = YES;
				GCC_WARN_ABOUT_RETURN_TYPE = YES_ERROR;
				GCC_WARN_UNDECLARED_SELECTOR = YES;
				GCC_WARN_UNINITIALIZED_AUTOS = YES_AGGRESSIVE;
				GCC_WARN_UNUSED_FUNCTION = YES;
				GCC_WARN_UNUSED_VARIABLE = YES;
				IPHONEOS_DEPLOYMENT_TARGET = 12.4;
				MTL_ENABLE_DEBUG_INFO = NO;
				MTL_FAST_MATH = YES;
				SDKROOT = iphoneos;
				SWIFT_COMPILATION_MODE = wholemodule;
				SWIFT_OPTIMIZATION_LEVEL = "-O";
				VALIDATE_PRODUCT = YES;
			};
			name = Release;
		};
		6470C78423556765005CB3FA /* Debug */ = {
			isa = XCBuildConfiguration;
			baseConfigurationReference = AE450F30CA7D947CA9F271DE /* Pods-Project 3 CS441.debug.xcconfig */;
			buildSettings = {
				ASSETCATALOG_COMPILER_APPICON_NAME = AppIcon;
				CODE_SIGN_STYLE = Automatic;
				DEVELOPMENT_TEAM = M2SK5W4MK3;
				INFOPLIST_FILE = "$(SRCROOT)/Slanguage/Info.plist";
				LD_RUNPATH_SEARCH_PATHS = (
					"$(inherited)",
					"@executable_path/Frameworks",
				);
				PRODUCT_BUNDLE_IDENTIFIER = com.example.Slanguage;
				PRODUCT_NAME = "$(TARGET_NAME)";
				SWIFT_VERSION = 5.0;
				TARGETED_DEVICE_FAMILY = "1,2";
			};
			name = Debug;
		};
		6470C78523556765005CB3FA /* Release */ = {
			isa = XCBuildConfiguration;
			baseConfigurationReference = 3141A8B9BAC8F8631F23061D /* Pods-Project 3 CS441.release.xcconfig */;
			buildSettings = {
				ASSETCATALOG_COMPILER_APPICON_NAME = AppIcon;
				CODE_SIGN_STYLE = Automatic;
				DEVELOPMENT_TEAM = M2SK5W4MK3;
				INFOPLIST_FILE = "$(SRCROOT)/Slanguage/Info.plist";
				LD_RUNPATH_SEARCH_PATHS = (
					"$(inherited)",
					"@executable_path/Frameworks",
				);
				PRODUCT_BUNDLE_IDENTIFIER = com.example.Slanguage;
				PRODUCT_NAME = "$(TARGET_NAME)";
				SWIFT_VERSION = 5.0;
				TARGETED_DEVICE_FAMILY = "1,2";
			};
			name = Release;
		};
/* End XCBuildConfiguration section */

/* Begin XCConfigurationList section */
		6470C76823556764005CB3FA /* Build configuration list for PBXProject "Slanguage" */ = {
			isa = XCConfigurationList;
			buildConfigurations = (
				6470C78123556765005CB3FA /* Debug */,
				6470C78223556765005CB3FA /* Release */,
			);
			defaultConfigurationIsVisible = 0;
			defaultConfigurationName = Release;
		};
		6470C78323556765005CB3FA /* Build configuration list for PBXNativeTarget "Project 3 CS441" */ = {
			isa = XCConfigurationList;
			buildConfigurations = (
				6470C78423556765005CB3FA /* Debug */,
				6470C78523556765005CB3FA /* Release */,
			);
			defaultConfigurationIsVisible = 0;
			defaultConfigurationName = Release;
		};
/* End XCConfigurationList section */
	};
	rootObject = 6470C76523556764005CB3FA /* Project object */;
}
